version = 1
revision = 2
requires-python = ">=3.11, <4"

[[package]]
name = "black"
version = "23.10.1"
source = { registry = "https://pypi.org/simple" }
dependencies = [
    { name = "click" },
    { name = "mypy-extensions" },
    { name = "packaging" },
    { name = "pathspec" },
    { name = "platformdirs" },
]
sdist = { url = "https://files.pythonhosted.org/packages/36/bf/a462f36723824c60dc3db10528c95656755964279a6a5c287b4f9fd0fa84/black-23.10.1.tar.gz", hash = "sha256:1f8ce316753428ff68749c65a5f7844631aa18c8679dfd3ca9dc1a289979c258", size = 597307, upload-time = "2023-10-23T19:24:29.462Z" }
wheels = [
    { url = "https://files.pythonhosted.org/packages/bf/eb/8b3e03153f0cb204244ee9c9e6004bc71afc9740cef3e46788326049fb23/black-23.10.1-cp311-cp311-macosx_10_16_arm64.whl", hash = "sha256:b15b75fc53a2fbcac8a87d3e20f69874d161beef13954747e053bca7a1ce53a0", size = 1337149, upload-time = "2023-10-23T19:30:42.852Z" },
    { url = "https://files.pythonhosted.org/packages/8b/3c/c9a03a4d5dd8c18c4af211e694bcc73dd305a2b85788eb311d3dbb14cfe9/black-23.10.1-cp311-cp311-macosx_10_16_x86_64.whl", hash = "sha256:e293e4c2f4a992b980032bbd62df07c1bcff82d6964d6c9496f2cd726e246ace", size = 1484835, upload-time = "2023-10-23T19:31:37.141Z" },
    { url = "https://files.pythonhosted.org/packages/80/4a/dd74ca838e8a536f3ac061cec9ef1d0c73e3ad2f3584be2127d53cd82f0f/black-23.10.1-cp311-cp311-manylinux_2_17_x86_64.manylinux2014_x86_64.whl", hash = "sha256:7d56124b7a61d092cb52cce34182a5280e160e6aff3137172a68c2c2c4b76bcb", size = 1629860, upload-time = "2023-10-23T19:28:44.655Z" },
    { url = "https://files.pythonhosted.org/packages/bf/f6/1b039c5ea8fc18a3e710cc1e217fa65369e3fe9173eac9ec5080f89f9f38/black-23.10.1-cp311-cp311-win_amd64.whl", hash = "sha256:3f157a8945a7b2d424da3335f7ace89c14a3b0625e6593d21139c2d8214d55ce", size = 1290854, upload-time = "2023-10-23T19:29:31.721Z" },
    { url = "https://files.pythonhosted.org/packages/72/6e/3c49b5779a087979cb1916b1409e2bcee2d58bab1f880a4d2720251a3bfa/black-23.10.1-py3-none-any.whl", hash = "sha256:d431e6739f727bb2e0495df64a6c7a5310758e87505f5f8cde9ff6c0f2d7e4fe", size = 184603, upload-time = "2023-10-23T19:24:27.217Z" },
]

[[package]]
name = "cachetools"
version = "5.3.2"
source = { registry = "https://pypi.org/simple" }
sdist = { url = "https://files.pythonhosted.org/packages/10/21/1b6880557742c49d5b0c4dcf0cf544b441509246cdd71182e0847ac859d5/cachetools-5.3.2.tar.gz", hash = "sha256:086ee420196f7b2ab9ca2db2520aca326318b68fe5ba8bc4d49cca91add450f2", size = 26510, upload-time = "2023-10-24T18:12:04.652Z" }
wheels = [
    { url = "https://files.pythonhosted.org/packages/a2/91/2d843adb9fbd911e0da45fbf6f18ca89d07a087c3daa23e955584f90ebf4/cachetools-5.3.2-py3-none-any.whl", hash = "sha256:861f35a13a451f94e301ce2bec7cac63e881232ccce7ed67fab9b5df4d3beaa1", size = 9293, upload-time = "2023-10-24T18:12:02.088Z" },
]

[[package]]
name = "certifi"
version = "2023.7.22"
source = { registry = "https://pypi.org/simple" }
sdist = { url = "https://files.pythonhosted.org/packages/98/98/c2ff18671db109c9f10ed27f5ef610ae05b73bd876664139cf95bd1429aa/certifi-2023.7.22.tar.gz", hash = "sha256:539cc1d13202e33ca466e88b2807e29f4c13049d6d87031a3c110744495cb082", size = 159517, upload-time = "2023-07-22T08:39:27.482Z" }
wheels = [
    { url = "https://files.pythonhosted.org/packages/4c/dd/2234eab22353ffc7d94e8d13177aaa050113286e93e7b40eae01fbf7c3d9/certifi-2023.7.22-py3-none-any.whl", hash = "sha256:92d6037539857d8206b8f6ae472e8b77db8058fec5937a1ef3f54304089edbb9", size = 158334, upload-time = "2023-07-22T08:39:25.345Z" },
]

[[package]]
name = "charset-normalizer"
version = "3.3.1"
source = { registry = "https://pypi.org/simple" }
sdist = { url = "https://files.pythonhosted.org/packages/6d/b3/aa417b4e3ace24067f243e45cceaffc12dba6b8bd50c229b43b3b163768b/charset-normalizer-3.3.1.tar.gz", hash = "sha256:d9137a876020661972ca6eec0766d81aef8a5627df628b664b234b73396e727e", size = 104095, upload-time = "2023-10-22T16:50:50.885Z" }
wheels = [
    { url = "https://files.pythonhosted.org/packages/f4/db/048bf61f44c21287509d60bbe394f35f93b7db14ade99b8f5f9035ef04fc/charset_normalizer-3.3.1-cp311-cp311-macosx_10_9_universal2.whl", hash = "sha256:ae4070f741f8d809075ef697877fd350ecf0b7c5837ed68738607ee0a2c572cf", size = 187581, upload-time = "2023-10-22T16:49:02.89Z" },
    { url = "https://files.pythonhosted.org/packages/ec/e9/5fe55dbe2204271ea8d6e1434af7d2067770364360b1fbeaa9cd4b8b4c47/charset_normalizer-3.3.1-cp311-cp311-macosx_10_9_x86_64.whl", hash = "sha256:58e875eb7016fd014c0eea46c6fa92b87b62c0cb31b9feae25cbbe62c919f54d", size = 119072, upload-time = "2023-10-22T16:49:04.203Z" },
    { url = "https://files.pythonhosted.org/packages/49/48/b89a9ccc78ea7a2a0b37c20a912b98c840210f277747e2380ee8d72784cc/charset_normalizer-3.3.1-cp311-cp311-macosx_11_0_arm64.whl", hash = "sha256:dbd95e300367aa0827496fe75a1766d198d34385a58f97683fe6e07f89ca3e3c", size = 116809, upload-time = "2023-10-22T16:49:05.426Z" },
    { url = "https://files.pythonhosted.org/packages/5d/b9/1972e394c367556c6e12739ed5f98ddba6ea1b51095b593c2b3eda8ef76e/charset_normalizer-3.3.1-cp311-cp311-manylinux_2_17_aarch64.manylinux2014_aarch64.whl", hash = "sha256:de0b4caa1c8a21394e8ce971997614a17648f94e1cd0640fbd6b4d14cab13a72", size = 134164, upload-time = "2023-10-22T16:49:06.766Z" },
    { url = "https://files.pythonhosted.org/packages/6e/a5/87ccac8092c29f657181a92240a5113691f802fe9fda36cba34a402563e0/charset_normalizer-3.3.1-cp311-cp311-manylinux_2_17_ppc64le.manylinux2014_ppc64le.whl", hash = "sha256:985c7965f62f6f32bf432e2681173db41336a9c2611693247069288bcb0c7f8b", size = 143695, upload-time = "2023-10-22T16:49:08.545Z" },
    { url = "https://files.pythonhosted.org/packages/5e/58/0aea72c42480fa5cd5fcf681b9e3f650456a690b3557f85e3ff8a6db4e4c/charset_normalizer-3.3.1-cp311-cp311-manylinux_2_17_s390x.manylinux2014_s390x.whl", hash = "sha256:a15c1fe6d26e83fd2e5972425a772cca158eae58b05d4a25a4e474c221053e2d", size = 136591, upload-time = "2023-10-22T16:49:10.532Z" },
    { url = "https://files.pythonhosted.org/packages/ae/e5/8c290f1dd50aae55d1ec20420a6df3c051d6f5ad78ee5b88b1a7ef26634b/charset_normalizer-3.3.1-cp311-cp311-manylinux_2_17_x86_64.manylinux2014_x86_64.whl", hash = "sha256:ae55d592b02c4349525b6ed8f74c692509e5adffa842e582c0f861751701a673", size = 137510, upload-time = "2023-10-22T16:49:12.159Z" },
    { url = "https://files.pythonhosted.org/packages/dc/9b/b28dd88e6f3e5fb231d2fcd43660047aa055feceadbafaa8d9d10ea8c48e/charset_normalizer-3.3.1-cp311-cp311-manylinux_2_5_i686.manylinux1_i686.manylinux_2_17_i686.manylinux2014_i686.whl", hash = "sha256:be4d9c2770044a59715eb57c1144dedea7c5d5ae80c68fb9959515037cde2008", size = 139858, upload-time = "2023-10-22T16:49:13.394Z" },
    { url = "https://files.pythonhosted.org/packages/8f/6c/e6258afa32fcfe58c24b7ac80f2499f0683999924f43b439be40f040266f/charset_normalizer-3.3.1-cp311-cp311-musllinux_1_1_aarch64.whl", hash = "sha256:851cf693fb3aaef71031237cd68699dded198657ec1e76a76eb8be58c03a5d1f", size = 135095, upload-time = "2023-10-22T16:49:14.743Z" },
    { url = "https://files.pythonhosted.org/packages/d1/95/ddcab18a631f3705248e5027b8f6e54aba7bbdd64d19f6f7db951cda54b9/charset_normalizer-3.3.1-cp311-cp311-musllinux_1_1_i686.whl", hash = "sha256:31bbaba7218904d2eabecf4feec0d07469284e952a27400f23b6628439439fa7", size = 140760, upload-time = "2023-10-22T16:49:16.598Z" },
    { url = "https://files.pythonhosted.org/packages/4f/72/1b5ddf63cb0dcb1748068fc6aba498b72513b17969adaf0dd978b6afe46b/charset_normalizer-3.3.1-cp311-cp311-musllinux_1_1_ppc64le.whl", hash = "sha256:871d045d6ccc181fd863a3cd66ee8e395523ebfbc57f85f91f035f50cee8e3d4", size = 145476, upload-time = "2023-10-22T16:49:17.934Z" },
    { url = "https://files.pythonhosted.org/packages/89/28/5da57065951f04269c69b8eba0546f6f5b1fb1c0207714f3c3b30732727b/charset_normalizer-3.3.1-cp311-cp311-musllinux_1_1_s390x.whl", hash = "sha256:501adc5eb6cd5f40a6f77fbd90e5ab915c8fd6e8c614af2db5561e16c600d6f3", size = 137461, upload-time = "2023-10-22T16:49:19.386Z" },
    { url = "https://files.pythonhosted.org/packages/ea/11/e2908ae0f5812d054350f32d32734194c3d0677b2f676d3580a81a3d73c1/charset_normalizer-3.3.1-cp311-cp311-musllinux_1_1_x86_64.whl", hash = "sha256:f5fb672c396d826ca16a022ac04c9dce74e00a1c344f6ad1a0fdc1ba1f332213", size = 138003, upload-time = "2023-10-22T16:49:20.692Z" },
    { url = "https://files.pythonhosted.org/packages/7a/1d/2f1a3bd50ac35135b3b8bce327e21a2afcaeed93747b2f24922207b83cac/charset_normalizer-3.3.1-cp311-cp311-win32.whl", hash = "sha256:bb06098d019766ca16fc915ecaa455c1f1cd594204e7f840cd6258237b5079a8", size = 91204, upload-time = "2023-10-22T16:49:22.521Z" },
    { url = "https://files.pythonhosted.org/packages/ef/96/1c7e85db0a1b2f182d47375987e82aacb60c987e3943b11ccce3fc6aebab/charset_normalizer-3.3.1-cp311-cp311-win_amd64.whl", hash = "sha256:8af5a8917b8af42295e86b64903156b4f110a30dca5f3b5aedea123fbd638bff", size = 98322, upload-time = "2023-10-22T16:49:23.667Z" },
    { url = "https://files.pythonhosted.org/packages/95/7b/191f93d117d914b55baa2f06b8a08eb9e7858774c0ddf2c2a8b68330cee6/charset_normalizer-3.3.1-cp312-cp312-macosx_10_9_universal2.whl", hash = "sha256:7ae8e5142dcc7a49168f4055255dbcced01dc1714a90a21f87448dc8d90617d1", size = 188666, upload-time = "2023-10-22T16:49:24.928Z" },
    { url = "https://files.pythonhosted.org/packages/be/d0/a14afd69344d248d7e8ab495b44be6957a6fd3718ffeb6b48674f206e8fa/charset_normalizer-3.3.1-cp312-cp312-macosx_10_9_x86_64.whl", hash = "sha256:5b70bab78accbc672f50e878a5b73ca692f45f5b5e25c8066d748c09405e6a55", size = 119936, upload-time = "2023-10-22T16:49:27.061Z" },
    { url = "https://files.pythonhosted.org/packages/d4/85/5fdf066f9eb035cac957e89f90508a2698d1c8bd93d6a6477ab449e72cdc/charset_normalizer-3.3.1-cp312-cp312-macosx_11_0_arm64.whl", hash = "sha256:5ceca5876032362ae73b83347be8b5dbd2d1faf3358deb38c9c88776779b2e2f", size = 117166, upload-time = "2023-10-22T16:49:28.744Z" },
    { url = "https://files.pythonhosted.org/packages/bc/91/b90b70780b2481247d53bdd3657487005affa804418cefa5fba303909985/charset_normalizer-3.3.1-cp312-cp312-manylinux_2_17_aarch64.manylinux2014_aarch64.whl", hash = "sha256:34d95638ff3613849f473afc33f65c401a89f3b9528d0d213c7037c398a51296", size = 134804, upload-time = "2023-10-22T16:49:30.04Z" },
    { url = "https://files.pythonhosted.org/packages/65/96/2c5d1e789967610eb31d3babd10072bc2e0e6467efa008e06d9cadebac44/charset_normalizer-3.3.1-cp312-cp312-manylinux_2_17_ppc64le.manylinux2014_ppc64le.whl", hash = "sha256:9edbe6a5bf8b56a4a84533ba2b2f489d0046e755c29616ef8830f9e7d9cf5728", size = 144436, upload-time = "2023-10-22T16:49:31.352Z" },
    { url = "https://files.pythonhosted.org/packages/e3/43/7d932d0a52ba4a9ae6c2c5f1a17bfae553595587de184522dc154727de85/charset_normalizer-3.3.1-cp312-cp312-manylinux_2_17_s390x.manylinux2014_s390x.whl", hash = "sha256:f6a02a3c7950cafaadcd46a226ad9e12fc9744652cc69f9e5534f98b47f3bbcf", size = 137368, upload-time = "2023-10-22T16:49:32.672Z" },
    { url = "https://files.pythonhosted.org/packages/93/6d/63027361182c26155517ed010a05d73528511f45faab2047a014e69c4651/charset_normalizer-3.3.1-cp312-cp312-manylinux_2_17_x86_64.manylinux2014_x86_64.whl", hash = "sha256:10b8dd31e10f32410751b3430996f9807fc4d1587ca69772e2aa940a82ab571a", size = 139124, upload-time = "2023-10-22T16:49:33.952Z" },
    { url = "https://files.pythonhosted.org/packages/c5/4d/3b0f81da0011755a0d796eff2ff36cda713b0fdc913d93cca121f623e703/charset_normalizer-3.3.1-cp312-cp312-manylinux_2_5_i686.manylinux1_i686.manylinux_2_17_i686.manylinux2014_i686.whl", hash = "sha256:edc0202099ea1d82844316604e17d2b175044f9bcb6b398aab781eba957224bd", size = 141305, upload-time = "2023-10-22T16:49:35.278Z" },
    { url = "https://files.pythonhosted.org/packages/26/a4/086415b5c422527bf046eb66ee7f4605bc9218464703cf6dd4f2a3908a49/charset_normalizer-3.3.1-cp312-cp312-musllinux_1_1_aarch64.whl", hash = "sha256:b891a2f68e09c5ef989007fac11476ed33c5c9994449a4e2c3386529d703dc8b", size = 135484, upload-time = "2023-10-22T16:49:37.01Z" },
    { url = "https://files.pythonhosted.org/packages/58/36/0fa50b4c5e0fb8633b725389835084adc12bf102de666233413012b538ce/charset_normalizer-3.3.1-cp312-cp312-musllinux_1_1_i686.whl", hash = "sha256:71ef3b9be10070360f289aea4838c784f8b851be3ba58cf796262b57775c2f14", size = 142103, upload-time = "2023-10-22T16:49:38.333Z" },
    { url = "https://files.pythonhosted.org/packages/ab/ae/0ce19f42cc559c610e38dfa9deed259b2ced0b22b1f3e3a4fa2437e2801b/charset_normalizer-3.3.1-cp312-cp312-musllinux_1_1_ppc64le.whl", hash = "sha256:55602981b2dbf8184c098bc10287e8c245e351cd4fdcad050bd7199d5a8bf514", size = 146388, upload-time = "2023-10-22T16:49:40.098Z" },
    { url = "https://files.pythonhosted.org/packages/2c/ed/614664c8c8cfcdbfb883886a07adfb11113d8d7318a96d3da6ecdda2acdc/charset_normalizer-3.3.1-cp312-cp312-musllinux_1_1_s390x.whl", hash = "sha256:46fb9970aa5eeca547d7aa0de5d4b124a288b42eaefac677bde805013c95725c", size = 138315, upload-time = "2023-10-22T16:49:41.431Z" },
    { url = "https://files.pythonhosted.org/packages/30/c8/083fdaa56751ce753d16594973cbfe838b67b24b448aaac7ca3298eb7a70/charset_normalizer-3.3.1-cp312-cp312-musllinux_1_1_x86_64.whl", hash = "sha256:520b7a142d2524f999447b3a0cf95115df81c4f33003c51a6ab637cbda9d0bf4", size = 139231, upload-time = "2023-10-22T16:49:42.671Z" },
    { url = "https://files.pythonhosted.org/packages/6d/75/405dfa90cb7afcc8b3aa35e8da1aa9a0b69743263872d762f29c6a435a68/charset_normalizer-3.3.1-cp312-cp312-win32.whl", hash = "sha256:8ec8ef42c6cd5856a7613dcd1eaf21e5573b2185263d87d27c8edcae33b62a61", size = 91786, upload-time = "2023-10-22T16:49:43.943Z" },
    { url = "https://files.pythonhosted.org/packages/b2/a5/d52c61864fea4b02ef11da0a2e829ea7b365e09fae2a132314541ad01ae4/charset_normalizer-3.3.1-cp312-cp312-win_amd64.whl", hash = "sha256:baec8148d6b8bd5cee1ae138ba658c71f5b03e0d69d5907703e3e1df96db5e41", size = 98756, upload-time = "2023-10-22T16:49:45.547Z" },
    { url = "https://files.pythonhosted.org/packages/22/ac/70f41edd03346a23df001e67daffebbf74cb0ab2d2347725d633efa6d379/charset_normalizer-3.3.1-py3-none-any.whl", hash = "sha256:800561453acdecedaac137bf09cd719c7a440b6800ec182f077bb8e7025fb708", size = 48246, upload-time = "2023-10-22T16:50:49.477Z" },
]

[[package]]
name = "click"
version = "8.1.7"
source = { registry = "https://pypi.org/simple" }
dependencies = [
    { name = "colorama", marker = "sys_platform == 'win32'" },
]
sdist = { url = "https://files.pythonhosted.org/packages/96/d3/f04c7bfcf5c1862a2a5b845c6b2b360488cf47af55dfa79c98f6a6bf98b5/click-8.1.7.tar.gz", hash = "sha256:ca9853ad459e787e2192211578cc907e7594e294c7ccc834310722b41b9ca6de", size = 336121, upload-time = "2023-08-17T17:29:11.868Z" }
wheels = [
    { url = "https://files.pythonhosted.org/packages/00/2e/d53fa4befbf2cfa713304affc7ca780ce4fc1fd8710527771b58311a3229/click-8.1.7-py3-none-any.whl", hash = "sha256:ae74fb96c20a0277a1d615f1e4d73c8414f5a98db8b799a7931d1582f3390c28", size = 97941, upload-time = "2023-08-17T17:29:10.08Z" },
]

[[package]]
name = "colorama"
version = "0.4.6"
source = { registry = "https://pypi.org/simple" }
sdist = { url = "https://files.pythonhosted.org/packages/d8/53/6f443c9a4a8358a93a6792e2acffb9d9d5cb0a5cfd8802644b7b1c9a02e4/colorama-0.4.6.tar.gz", hash = "sha256:08695f5cb7ed6e0531a20572697297273c47b8cae5a63ffc6d6ed5c201be6e44", size = 27697, upload-time = "2022-10-25T02:36:22.414Z" }
wheels = [
    { url = "https://files.pythonhosted.org/packages/d1/d6/3965ed04c63042e047cb6a3e6ed1a63a35087b6a609aa3a15ed8ac56c221/colorama-0.4.6-py2.py3-none-any.whl", hash = "sha256:4f1d9991f5acc0ca119f9d443620b77f9d6b33703e51011c16baf57afb285fc6", size = 25335, upload-time = "2022-10-25T02:36:20.889Z" },
]

[[package]]
name = "google-api-core"
version = "2.12.0"
source = { registry = "https://pypi.org/simple" }
dependencies = [
    { name = "google-auth" },
    { name = "googleapis-common-protos" },
    { name = "protobuf" },
    { name = "requests" },
]
sdist = { url = "https://files.pythonhosted.org/packages/3f/5d/9138d873205a38e5264a78fd4ebf446fc987f20e2566719ed6eee69c200a/google-api-core-2.12.0.tar.gz", hash = "sha256:c22e01b1e3c4dcd90998494879612c38d0a3411d1f7b679eb89e2abe3ce1f553", size = 130745, upload-time = "2023-09-25T16:31:16.315Z" }
wheels = [
    { url = "https://files.pythonhosted.org/packages/4d/ce/4fd62ea66b3508debc795e475336ce915929765870f0ad52328426ba016e/google_api_core-2.12.0-py3-none-any.whl", hash = "sha256:ec6054f7d64ad13b41e43d96f735acbd763b0f3b695dabaa2d579673f6a6e160", size = 121444, upload-time = "2023-09-25T16:31:14.434Z" },
]

[[package]]
name = "google-api-python-client"
version = "2.105.0"
source = { registry = "https://pypi.org/simple" }
dependencies = [
    { name = "google-api-core" },
    { name = "google-auth" },
    { name = "google-auth-httplib2" },
    { name = "httplib2" },
    { name = "uritemplate" },
]
sdist = { url = "https://files.pythonhosted.org/packages/03/75/7a04c88700a6c186bb7e9979c1b2b15d1944bf66453b778ea69e4efcccb6/google-api-python-client-2.105.0.tar.gz", hash = "sha256:0a8b32cfc2d9b3c1868ae6faef7ee1ab9c89a6cec30be709ea9c97f9a3e5902d", size = 12113230, upload-time = "2023-10-24T15:09:54.089Z" }
wheels = [
    { url = "https://files.pythonhosted.org/packages/0b/9a/69b094da2ddce819b905e3d63e3bf8713a519a5cec0b109f39a1e5da8926/google_api_python_client-2.105.0-py2.py3-none-any.whl", hash = "sha256:571ce7c41e53415e385aab5a955725f71780550683ffcb71596f5809677d40b7", size = 12635122, upload-time = "2023-10-24T15:09:50.661Z" },
]

[[package]]
name = "google-auth"
version = "2.23.3"
source = { registry = "https://pypi.org/simple" }
dependencies = [
    { name = "cachetools" },
    { name = "pyasn1-modules" },
    { name = "rsa" },
]
sdist = { url = "https://files.pythonhosted.org/packages/45/71/0f19d6f51b6ea291fc8f179d152d675f49acf88cb44f743b37bf51ef2ec1/google-auth-2.23.3.tar.gz", hash = "sha256:6864247895eea5d13b9c57c9e03abb49cb94ce2dc7c58e91cba3248c7477c9e3", size = 232472, upload-time = "2023-10-09T21:19:00.927Z" }
wheels = [
    { url = "https://files.pythonhosted.org/packages/39/7c/2e4fa55a99f83ef9ef229ac5d59c44ceb90e2d0145711590c0fa39669f32/google_auth-2.23.3-py2.py3-none-any.whl", hash = "sha256:a8f4608e65c244ead9e0538f181a96c6e11199ec114d41f1d7b1bffa96937bda", size = 182321, upload-time = "2023-10-09T21:18:58.699Z" },
]

[[package]]
name = "google-auth-httplib2"
version = "0.1.1"
source = { registry = "https://pypi.org/simple" }
dependencies = [
    { name = "google-auth" },
    { name = "httplib2" },
]
sdist = { url = "https://files.pythonhosted.org/packages/0f/7a/83c3a1f8419d66f91672ad7f2cea57d044f7f0b3c1740389a468ff3937ed/google-auth-httplib2-0.1.1.tar.gz", hash = "sha256:c64bc555fdc6dd788ea62ecf7bccffcf497bf77244887a3f3d7a5a02f8e3fc29", size = 10817, upload-time = "2023-09-11T19:16:46.184Z" }
wheels = [
    { url = "https://files.pythonhosted.org/packages/d3/3d/e4991229886c0d522d9552151a43ff7adcc61e026e60ce8bd508387f84cf/google_auth_httplib2-0.1.1-py2.py3-none-any.whl", hash = "sha256:42c50900b8e4dcdf8222364d1f0efe32b8421fb6ed72f2613f12f75cc933478c", size = 9253, upload-time = "2023-09-11T19:16:44.534Z" },
]

[[package]]
name = "google-auth-oauthlib"
version = "1.1.0"
source = { registry = "https://pypi.org/simple" }
dependencies = [
    { name = "google-auth" },
    { name = "requests-oauthlib" },
]
sdist = { url = "https://files.pythonhosted.org/packages/6a/34/c584323ea98fb596e71ade06c06d514de898c60498efc72311e18ebe2825/google-auth-oauthlib-1.1.0.tar.gz", hash = "sha256:83ea8c3b0881e453790baff4448e8a6112ac8778d1de9da0b68010b843937afb", size = 20679, upload-time = "2023-09-11T16:07:13.091Z" }
wheels = [
    { url = "https://files.pythonhosted.org/packages/ce/33/a907b4b67245647746dde8d61e1643ef5d210c88e090d491efd89eff9f95/google_auth_oauthlib-1.1.0-py2.py3-none-any.whl", hash = "sha256:089c6e587d36f4803ac7e0720c045c6a8b1fd1790088b8424975b90d0ee61c12", size = 19067, upload-time = "2023-09-11T16:07:11.233Z" },
]

[[package]]
name = "googleapis-common-protos"
version = "1.61.0"
source = { registry = "https://pypi.org/simple" }
dependencies = [
    { name = "protobuf" },
]
sdist = { url = "https://files.pythonhosted.org/packages/95/41/f9d4425eac5cec8c0356575b8f183e8f1f7206875b1e748bd3af4b4a8a1e/googleapis-common-protos-1.61.0.tar.gz", hash = "sha256:8a64866a97f6304a7179873a465d6eee97b7a24ec6cfd78e0f575e96b821240b", size = 121129, upload-time = "2023-10-12T16:10:25.727Z" }
wheels = [
    { url = "https://files.pythonhosted.org/packages/21/49/12996dc0238e017504dceea1d121a48bd49fb3f4416f40d59fc3e924b4f3/googleapis_common_protos-1.61.0-py2.py3-none-any.whl", hash = "sha256:22f1915393bb3245343f6efe87f6fe868532efc12aa26b391b15132e1279f1c0", size = 230874, upload-time = "2023-10-12T16:10:22.988Z" },
]

[[package]]
name = "httplib2"
version = "0.22.0"
source = { registry = "https://pypi.org/simple" }
dependencies = [
    { name = "pyparsing" },
]
sdist = { url = "https://files.pythonhosted.org/packages/3d/ad/2371116b22d616c194aa25ec410c9c6c37f23599dcd590502b74db197584/httplib2-0.22.0.tar.gz", hash = "sha256:d7a10bc5ef5ab08322488bde8c726eeee5c8618723fdb399597ec58f3d82df81", size = 351116, upload-time = "2023-03-21T22:29:37.214Z" }
wheels = [
    { url = "https://files.pythonhosted.org/packages/a8/6c/d2fbdaaa5959339d53ba38e94c123e4e84b8fbc4b84beb0e70d7c1608486/httplib2-0.22.0-py3-none-any.whl", hash = "sha256:14ae0a53c1ba8f3d37e9e27cf37eabb0fb9980f435ba405d546948b009dd64dc", size = 96854, upload-time = "2023-03-21T22:29:35.683Z" },
]

[[package]]
name = "idna"
version = "3.4"
source = { registry = "https://pypi.org/simple" }
sdist = { url = "https://files.pythonhosted.org/packages/8b/e1/43beb3d38dba6cb420cefa297822eac205a277ab43e5ba5d5c46faf96438/idna-3.4.tar.gz", hash = "sha256:814f528e8dead7d329833b91c5faa87d60bf71824cd12a7530b5526063d02cb4", size = 183077, upload-time = "2022-09-14T00:24:27.719Z" }
wheels = [
    { url = "https://files.pythonhosted.org/packages/fc/34/3030de6f1370931b9dbb4dad48f6ab1015ab1d32447850b9fc94e60097be/idna-3.4-py3-none-any.whl", hash = "sha256:90b77e79eaa3eba6de819a0c442c0b4ceefc341a7a2ab77d7562bf49f425c5c2", size = 61538, upload-time = "2022-09-14T00:24:23.22Z" },
]

[[package]]
name = "merge-movie"
version = "0.1.0"
source = { editable = "." }
dependencies = [
    { name = "black" },
    { name = "google-api-python-client" },
    { name = "google-auth-httplib2" },
    { name = "google-auth-oauthlib" },
]

[package.metadata]
requires-dist = [
    { name = "black", specifier = ">=23.3.0,<24" },
    { name = "google-api-python-client", specifier = ">=2.83.0,<3" },
    { name = "google-auth-httplib2", specifier = ">=0.1.0,<0.2" },
    { name = "google-auth-oauthlib", specifier = ">=1.0.0,<2" },
]

[package.metadata.requires-dev]
dev = []

[[package]]
name = "mypy-extensions"
version = "1.0.0"
source = { registry = "https://pypi.org/simple" }
sdist = { url = "https://files.pythonhosted.org/packages/98/a4/1ab47638b92648243faf97a5aeb6ea83059cc3624972ab6b8d2316078d3f/mypy_extensions-1.0.0.tar.gz", hash = "sha256:75dbf8955dc00442a438fc4d0666508a9a97b6bd41aa2f0ffe9d2f2725af0782", size = 4433, upload-time = "2023-02-04T12:11:27.157Z" }
wheels = [
    { url = "https://files.pythonhosted.org/packages/2a/e2/5d3f6ada4297caebe1a2add3b126fe800c96f56dbe5d1988a2cbe0b267aa/mypy_extensions-1.0.0-py3-none-any.whl", hash = "sha256:4392f6c0eb8a5668a69e23d168ffa70f0be9ccfd32b5cc2d26a34ae5b844552d", size = 4695, upload-time = "2023-02-04T12:11:25.002Z" },
]

[[package]]
name = "oauthlib"
version = "3.2.2"
source = { registry = "https://pypi.org/simple" }
sdist = { url = "https://files.pythonhosted.org/packages/6d/fa/fbf4001037904031639e6bfbfc02badfc7e12f137a8afa254df6c4c8a670/oauthlib-3.2.2.tar.gz", hash = "sha256:9859c40929662bec5d64f34d01c99e093149682a3f38915dc0655d5a633dd918", size = 177352, upload-time = "2022-10-17T20:04:27.471Z" }
wheels = [
    { url = "https://files.pythonhosted.org/packages/7e/80/cab10959dc1faead58dc8384a781dfbf93cb4d33d50988f7a69f1b7c9bbe/oauthlib-3.2.2-py3-none-any.whl", hash = "sha256:8139f29aac13e25d502680e9e19963e83f16838d48a0d71c287fe40e7067fbca", size = 151688, upload-time = "2022-10-17T20:04:24.037Z" },
]

[[package]]
name = "packaging"
version = "23.2"
source = { registry = "https://pypi.org/simple" }
sdist = { url = "https://files.pythonhosted.org/packages/fb/2b/9b9c33ffed44ee921d0967086d653047286054117d584f1b1a7c22ceaf7b/packaging-23.2.tar.gz", hash = "sha256:048fb0e9405036518eaaf48a55953c750c11e1a1b68e0dd1a9d62ed0c092cfc5", size = 146714, upload-time = "2023-10-01T13:50:05.279Z" }
wheels = [
    { url = "https://files.pythonhosted.org/packages/ec/1a/610693ac4ee14fcdf2d9bf3c493370e4f2ef7ae2e19217d7a237ff42367d/packaging-23.2-py3-none-any.whl", hash = "sha256:8c491190033a9af7e1d931d0b5dacc2ef47509b34dd0de67ed209b5203fc88c7", size = 53011, upload-time = "2023-10-01T13:50:03.745Z" },
]

[[package]]
name = "pathspec"
version = "0.11.2"
source = { registry = "https://pypi.org/simple" }
sdist = { url = "https://files.pythonhosted.org/packages/a0/2a/bd167cdf116d4f3539caaa4c332752aac0b3a0cc0174cdb302ee68933e81/pathspec-0.11.2.tar.gz", hash = "sha256:e0d8d0ac2f12da61956eb2306b69f9469b42f4deb0f3cb6ed47b9cce9996ced3", size = 47032, upload-time = "2023-07-29T01:05:04.481Z" }
wheels = [
    { url = "https://files.pythonhosted.org/packages/b4/2a/9b1be29146139ef459188f5e420a66e835dda921208db600b7037093891f/pathspec-0.11.2-py3-none-any.whl", hash = "sha256:1d6ed233af05e679efb96b1851550ea95bbb64b7c490b0f5aa52996c11e92a20", size = 29603, upload-time = "2023-07-29T01:05:02.656Z" },
]

[[package]]
name = "platformdirs"
version = "3.11.0"
source = { registry = "https://pypi.org/simple" }
sdist = { url = "https://files.pythonhosted.org/packages/d3/e3/aa14d6b2c379fbb005993514988d956f1b9fdccd9cbe78ec0dbe5fb79bf5/platformdirs-3.11.0.tar.gz", hash = "sha256:cf8ee52a3afdb965072dcc652433e0c7e3e40cf5ea1477cd4b3b1d2eb75495b3", size = 19914, upload-time = "2023-10-02T15:16:30.552Z" }
wheels = [
    { url = "https://files.pythonhosted.org/packages/56/29/3ec311dc18804409ecf0d2b09caa976f3ae6215559306b5b530004e11156/platformdirs-3.11.0-py3-none-any.whl", hash = "sha256:e9d171d00af68be50e9202731309c4e658fd8bc76f55c11c7dd760d023bda68e", size = 17579, upload-time = "2023-10-02T15:16:29.336Z" },
]

[[package]]
name = "protobuf"
version = "4.24.4"
source = { registry = "https://pypi.org/simple" }
sdist = { url = "https://files.pythonhosted.org/packages/52/5c/f2c0778278259089952f94b0884ca27a001a17ffbd992ebe30c841085f4c/protobuf-4.24.4.tar.gz", hash = "sha256:5a70731910cd9104762161719c3d883c960151eea077134458503723b60e3667", size = 383850, upload-time = "2023-10-04T17:08:17.627Z" }
wheels = [
    { url = "https://files.pythonhosted.org/packages/00/0f/3dc2f86e9c3d6e73c56d915a3563ecc96ebee8144fb39614f0d6c1fb023d/protobuf-4.24.4-cp310-abi3-win32.whl", hash = "sha256:ec9912d5cb6714a5710e28e592ee1093d68c5ebfeda61983b3f40331da0b1ebb", size = 409968, upload-time = "2023-10-04T17:07:54.375Z" },
    { url = "https://files.pythonhosted.org/packages/c2/59/f89c04923d68595d359f4cd7adbbdf5e5d791257945f8873d88b2fd1f979/protobuf-4.24.4-cp310-abi3-win_amd64.whl", hash = "sha256:1badab72aa8a3a2b812eacfede5020472e16c6b2212d737cefd685884c191085", size = 430493, upload-time = "2023-10-04T17:07:56.476Z" },
    { url = "https://files.pythonhosted.org/packages/88/12/efb5896c901382548ecb58d0449885a8f9aa62bb559d65e5a8a47f122629/protobuf-4.24.4-cp37-abi3-macosx_10_9_universal2.whl", hash = "sha256:8e61a27f362369c2f33248a0ff6896c20dcd47b5d48239cb9720134bef6082e4", size = 409417, upload-time = "2023-10-04T17:07:58.479Z" },
    { url = "https://files.pythonhosted.org/packages/db/61/9c7b481771fe4702fb3be1152812fecec9b06f9c36d523ad52b98cb46800/protobuf-4.24.4-cp37-abi3-manylinux2014_aarch64.whl", hash = "sha256:bffa46ad9612e6779d0e51ae586fde768339b791a50610d85eb162daeb23661e", size = 310587, upload-time = "2023-10-04T17:08:00.391Z" },
    { url = "https://files.pythonhosted.org/packages/c8/2c/03046cac73f46bfe98fc846ef629cf4f84c2f59258216aa2cc0d22bfca8f/protobuf-4.24.4-cp37-abi3-manylinux2014_x86_64.whl", hash = "sha256:b493cb590960ff863743b9ff1452c413c2ee12b782f48beca77c8da3e2ffe9d9", size = 311559, upload-time = "2023-10-04T17:08:02.672Z" },
    { url = "https://files.pythonhosted.org/packages/e5/a7/bb962b8b981dd890a44a34d0e922b76c32e5db443ff9f9b9ce6149069070/protobuf-4.24.4-py3-none-any.whl", hash = "sha256:80797ce7424f8c8d2f2547e2d42bfbb6c08230ce5832d6c099a37335c9c90a92", size = 175677, upload-time = "2023-10-04T17:08:15.684Z" },
]

[[package]]
name = "pyasn1"
version = "0.5.0"
source = { registry = "https://pypi.org/simple" }
sdist = { url = "https://files.pythonhosted.org/packages/61/ef/945a8bcda7895717c8ba4688c08a11ef6454f32b8e5cb6e352a9004ee89d/pyasn1-0.5.0.tar.gz", hash = "sha256:97b7290ca68e62a832558ec3976f15cbf911bf5d7c7039d8b861c2a0ece69fde", size = 145117, upload-time = "2023-04-20T00:54:30.316Z" }
wheels = [
    { url = "https://files.pythonhosted.org/packages/14/e5/b56a725cbde139aa960c26a1a3ca4d4af437282e20b5314ee6a3501e7dfc/pyasn1-0.5.0-py2.py3-none-any.whl", hash = "sha256:87a2121042a1ac9358cabcaf1d07680ff97ee6404333bacca15f76aa8ad01a57", size = 83861, upload-time = "2023-04-20T00:54:28.177Z" },
]

[[package]]
name = "pyasn1-modules"
version = "0.3.0"
source = { registry = "https://pypi.org/simple" }
dependencies = [
    { name = "pyasn1" },
]
sdist = { url = "https://files.pythonhosted.org/packages/3b/e4/7dec823b1b5603c5b3c51e942d5d9e65efd6ff946e713a325ed4146d070f/pyasn1_modules-0.3.0.tar.gz", hash = "sha256:5bd01446b736eb9d31512a30d46c1ac3395d676c6f3cafa4c03eb54b9925631c", size = 307901, upload-time = "2023-04-20T01:31:22.369Z" }
wheels = [
    { url = "https://files.pythonhosted.org/packages/cd/8e/bea464350e1b8c6ed0da3a312659cb648804a08af6cacc6435867f74f8bd/pyasn1_modules-0.3.0-py2.py3-none-any.whl", hash = "sha256:d3ccd6ed470d9ffbc716be08bd90efbd44d0734bc9303818f7336070984a162d", size = 181306, upload-time = "2023-04-20T01:30:05.837Z" },
]

[[package]]
name = "pyparsing"
version = "3.1.1"
source = { registry = "https://pypi.org/simple" }
sdist = { url = "https://files.pythonhosted.org/packages/37/fe/65c989f70bd630b589adfbbcd6ed238af22319e90f059946c26b4835e44b/pyparsing-3.1.1.tar.gz", hash = "sha256:ede28a1a32462f5a9705e07aea48001a08f7cf81a021585011deba701581a0db", size = 884814, upload-time = "2023-07-30T15:07:02.617Z" }
wheels = [
    { url = "https://files.pythonhosted.org/packages/39/92/8486ede85fcc088f1b3dba4ce92dd29d126fd96b0008ea213167940a2475/pyparsing-3.1.1-py3-none-any.whl", hash = "sha256:32c7c0b711493c72ff18a981d24f28aaf9c1fb7ed5e9667c9e84e3db623bdbfb", size = 103139, upload-time = "2023-07-30T15:06:59.829Z" },
]

[[package]]
name = "requests"
version = "2.31.0"
source = { registry = "https://pypi.org/simple" }
dependencies = [
    { name = "certifi" },
    { name = "charset-normalizer" },
    { name = "idna" },
    { name = "urllib3" },
]
sdist = { url = "https://files.pythonhosted.org/packages/9d/be/10918a2eac4ae9f02f6cfe6414b7a155ccd8f7f9d4380d62fd5b955065c3/requests-2.31.0.tar.gz", hash = "sha256:942c5a758f98d790eaed1a29cb6eefc7ffb0d1cf7af05c3d2791656dbd6ad1e1", size = 110794, upload-time = "2023-05-22T15:12:44.175Z" }
wheels = [
    { url = "https://files.pythonhosted.org/packages/70/8e/0e2d847013cb52cd35b38c009bb167a1a26b2ce6cd6965bf26b47bc0bf44/requests-2.31.0-py3-none-any.whl", hash = "sha256:58cd2187c01e70e6e26505bca751777aa9f2ee0b7f4300988b709f44e013003f", size = 62574, upload-time = "2023-05-22T15:12:42.313Z" },
]

[[package]]
name = "requests-oauthlib"
version = "1.3.1"
source = { registry = "https://pypi.org/simple" }
dependencies = [
    { name = "oauthlib" },
    { name = "requests" },
]
sdist = { url = "https://files.pythonhosted.org/packages/95/52/531ef197b426646f26b53815a7d2a67cb7a331ef098bb276db26a68ac49f/requests-oauthlib-1.3.1.tar.gz", hash = "sha256:75beac4a47881eeb94d5ea5d6ad31ef88856affe2332b9aafb52c6452ccf0d7a", size = 52027, upload-time = "2022-01-29T18:52:24.037Z" }
wheels = [
    { url = "https://files.pythonhosted.org/packages/6f/bb/5deac77a9af870143c684ab46a7934038a53eb4aa975bc0687ed6ca2c610/requests_oauthlib-1.3.1-py2.py3-none-any.whl", hash = "sha256:2577c501a2fb8d05a304c09d090d6e47c306fef15809d102b327cf8364bddab5", size = 23892, upload-time = "2022-01-29T18:52:22.279Z" },
]

[[package]]
name = "rsa"
version = "4.9"
source = { registry = "https://pypi.org/simple" }
dependencies = [
    { name = "pyasn1" },
]
sdist = { url = "https://files.pythonhosted.org/packages/aa/65/7d973b89c4d2351d7fb232c2e452547ddfa243e93131e7cfa766da627b52/rsa-4.9.tar.gz", hash = "sha256:e38464a49c6c85d7f1351b0126661487a7e0a14a50f1675ec50eb34d4f20ef21", size = 29711, upload-time = "2022-07-20T10:28:36.115Z" }
wheels = [
    { url = "https://files.pythonhosted.org/packages/49/97/fa78e3d2f65c02c8e1268b9aba606569fe97f6c8f7c2d74394553347c145/rsa-4.9-py3-none-any.whl", hash = "sha256:90260d9058e514786967344d0ef75fa8727eed8a7d2e43ce9f4bcf1b536174f7", size = 34315, upload-time = "2022-07-20T10:28:34.978Z" },
]

[[package]]
name = "uritemplate"
version = "4.1.1"
source = { registry = "https://pypi.org/simple" }
sdist = { url = "https://files.pythonhosted.org/packages/d2/5a/4742fdba39cd02a56226815abfa72fe0aa81c33bed16ed045647d6000eba/uritemplate-4.1.1.tar.gz", hash = "sha256:4346edfc5c3b79f694bccd6d6099a322bbeb628dbf2cd86eea55a456ce5124f0", size = 273898, upload-time = "2021-10-13T11:15:14.84Z" }
wheels = [
    { url = "https://files.pythonhosted.org/packages/81/c0/7461b49cd25aeece13766f02ee576d1db528f1c37ce69aee300e075b485b/uritemplate-4.1.1-py2.py3-none-any.whl", hash = "sha256:830c08b8d99bdd312ea4ead05994a38e8936266f84b9a7878232db50b044e02e", size = 10356, upload-time = "2021-10-13T11:15:12.316Z" },
]

[[package]]
name = "urllib3"
version = "2.0.7"
source = { registry = "https://pypi.org/simple" }
sdist = { url = "https://files.pythonhosted.org/packages/af/47/b215df9f71b4fdba1025fc05a77db2ad243fa0926755a52c5e71659f4e3c/urllib3-2.0.7.tar.gz", hash = "sha256:c97dfde1f7bd43a71c8d2a58e369e9b2bf692d1334ea9f9cae55add7d0dd0f84", size = 282546, upload-time = "2023-10-17T17:46:50.542Z" }
wheels = [
    { url = "https://files.pythonhosted.org/packages/d2/b2/b157855192a68541a91ba7b2bbcb91f1b4faa51f8bae38d8005c034be524/urllib3-2.0.7-py3-none-any.whl", hash = "sha256:fdb6d215c776278489906c2f8916e6e7d4f5a9b602ccbcfdf7f016fc8da0596e", size = 124213, upload-time = "2023-10-17T17:46:48.538Z" },
]
